
Microsoft Visual Studio Solution File, Format Version 12.00
Project("{FAE04EC0-301F-11D3-BF4B-00C04F79EFBC}") = "Core", "Core\Core.csproj", "{B2ED7CFB-9C8D-4309-82F0-1E72DD642F9F}"
EndProject
Project("{FAE04EC0-301F-11D3-BF4B-00C04F79EFBC}") = "WebApi", "WebApi\WebApi.csproj", "{2543A7EB-73C6-4C58-81F1-6435AAE90398}"
EndProject
Project("{2150E333-8FDC-42A3-9474-1A3956D46DE8}") = "Infrastructure", "Infrastructure", "{3F716105-6B95-4C4A-BE74-F86930F3632F}"
EndProject
Project("{FAE04EC0-301F-11D3-BF4B-00C04F79EFBC}") = "CNB.Client", "Infrastructure\CNB.Client\CNB.Client.csproj", "{A9AFC496-AE9A-43ED-B60B-A0186D71CD0B}"
EndProject
Project("{FAE04EC0-301F-11D3-BF4B-00C04F79EFBC}") = "CNB.Core", "Infrastructure\CNB.Core\CNB.Core.csproj", "{B34DDBA3-A4A7-4F66-BAD8-B270A6BDBF69}"
EndProject
Project("{FAE04EC0-301F-11D3-BF4B-00C04F79EFBC}") = "Shared", "Infrastructure\Shared\Shared.csproj", "{4AB46F1F-34DF-4EC1-B02C-2A3F87F0007A}"
EndProject
Project("{2150E333-8FDC-42A3-9474-1A3956D46DE8}") = "CNB", "CNB", "{1528CA23-4058-429E-A426-8C5B8F54E76D}"
EndProject
Global
	GlobalSection(SolutionConfigurationPlatforms) = preSolution
		Debug|Any CPU = Debug|Any CPU
		Release|Any CPU = Release|Any CPU
	EndGlobalSection
	GlobalSection(ProjectConfigurationPlatforms) = postSolution
		{B2ED7CFB-9C8D-4309-82F0-1E72DD642F9F}.Debug|Any CPU.ActiveCfg = Debug|Any CPU
		{B2ED7CFB-9C8D-4309-82F0-1E72DD642F9F}.Debug|Any CPU.Build.0 = Debug|Any CPU
		{B2ED7CFB-9C8D-4309-82F0-1E72DD642F9F}.Release|Any CPU.ActiveCfg = Release|Any CPU
		{B2ED7CFB-9C8D-4309-82F0-1E72DD642F9F}.Release|Any CPU.Build.0 = Release|Any CPU
		{2543A7EB-73C6-4C58-81F1-6435AAE90398}.Debug|Any CPU.ActiveCfg = Debug|Any CPU
		{2543A7EB-73C6-4C58-81F1-6435AAE90398}.Debug|Any CPU.Build.0 = Debug|Any CPU
		{2543A7EB-73C6-4C58-81F1-6435AAE90398}.Release|Any CPU.ActiveCfg = Release|Any CPU
		{2543A7EB-73C6-4C58-81F1-6435AAE90398}.Release|Any CPU.Build.0 = Release|Any CPU
		{A9AFC496-AE9A-43ED-B60B-A0186D71CD0B}.Debug|Any CPU.ActiveCfg = Debug|Any CPU
		{A9AFC496-AE9A-43ED-B60B-A0186D71CD0B}.Debug|Any CPU.Build.0 = Debug|Any CPU
		{A9AFC496-AE9A-43ED-B60B-A0186D71CD0B}.Release|Any CPU.ActiveCfg = Release|Any CPU
		{A9AFC496-AE9A-43ED-B60B-A0186D71CD0B}.Release|Any CPU.Build.0 = Release|Any CPU
		{B34DDBA3-A4A7-4F66-BAD8-B270A6BDBF69}.Debug|Any CPU.ActiveCfg = Debug|Any CPU
		{B34DDBA3-A4A7-4F66-BAD8-B270A6BDBF69}.Debug|Any CPU.Build.0 = Debug|Any CPU
		{B34DDBA3-A4A7-4F66-BAD8-B270A6BDBF69}.Release|Any CPU.ActiveCfg = Release|Any CPU
		{B34DDBA3-A4A7-4F66-BAD8-B270A6BDBF69}.Release|Any CPU.Build.0 = Release|Any CPU
		{4AB46F1F-34DF-4EC1-B02C-2A3F87F0007A}.Debug|Any CPU.ActiveCfg = Debug|Any CPU
		{4AB46F1F-34DF-4EC1-B02C-2A3F87F0007A}.Debug|Any CPU.Build.0 = Debug|Any CPU
		{4AB46F1F-34DF-4EC1-B02C-2A3F87F0007A}.Release|Any CPU.ActiveCfg = Release|Any CPU
		{4AB46F1F-34DF-4EC1-B02C-2A3F87F0007A}.Release|Any CPU.Build.0 = Release|Any CPU
	EndGlobalSection
	GlobalSection(NestedProjects) = preSolution
		{4AB46F1F-34DF-4EC1-B02C-2A3F87F0007A} = {3F716105-6B95-4C4A-BE74-F86930F3632F}
		{1528CA23-4058-429E-A426-8C5B8F54E76D} = {3F716105-6B95-4C4A-BE74-F86930F3632F}
		{A9AFC496-AE9A-43ED-B60B-A0186D71CD0B} = {1528CA23-4058-429E-A426-8C5B8F54E76D}
		{B34DDBA3-A4A7-4F66-BAD8-B270A6BDBF69} = {1528CA23-4058-429E-A426-8C5B8F54E76D}
	EndGlobalSection
EndGlobal
