
Microsoft Visual Studio Solution File, Format Version 12.00
Project("{FAE04EC0-301F-11D3-BF4B-00C04F79EFBC}") = "ExchangeRate.WebApi", "ExchangeRate.WebApi\ExchangeRate.WebApi.csproj", "{8A49FD2E-9F22-4C71-9E0E-FC0E88268943}"
EndProject
Project("{FAE04EC0-301F-11D3-BF4B-00C04F79EFBC}") = "ExchangeRate.Domain", "ExchangeRate.Domain\ExchangeRate.Domain.csproj", "{DAB50853-3677-4F73-BE1F-AA8803526913}"
EndProject
Project("{2150E333-8FDC-42A3-9474-1A3956D46DE8}") = "Infrastructure", "Infrastructure", "{0C9C6924-0A82-4ECE-B46D-056D752962AF}"
EndProject
Project("{FAE04EC0-301F-11D3-BF4B-00C04F79EFBC}") = "ExchangeRate.CNB.Client", "ExchangeRate.CNB.Client\ExchangeRate.CNB.Client.csproj", "{FF5E6FCC-4B71-4968-9776-9C6F2EBAAC5B}"
EndProject
Project("{FAE04EC0-301F-11D3-BF4B-00C04F79EFBC}") = "ExchangeRate.Common", "ExchangeRate.Common\ExchangeRate.Common.csproj", "{A40F41F0-A124-489C-AA80-CED6BA1ED3BF}"
EndProject
Global
	GlobalSection(SolutionConfigurationPlatforms) = preSolution
		Debug|Any CPU = Debug|Any CPU
		Release|Any CPU = Release|Any CPU
	EndGlobalSection
	GlobalSection(ProjectConfigurationPlatforms) = postSolution
		{8A49FD2E-9F22-4C71-9E0E-FC0E88268943}.Debug|Any CPU.ActiveCfg = Debug|Any CPU
		{8A49FD2E-9F22-4C71-9E0E-FC0E88268943}.Debug|Any CPU.Build.0 = Debug|Any CPU
		{8A49FD2E-9F22-4C71-9E0E-FC0E88268943}.Release|Any CPU.ActiveCfg = Release|Any CPU
		{8A49FD2E-9F22-4C71-9E0E-FC0E88268943}.Release|Any CPU.Build.0 = Release|Any CPU
		{DAB50853-3677-4F73-BE1F-AA8803526913}.Debug|Any CPU.ActiveCfg = Debug|Any CPU
		{DAB50853-3677-4F73-BE1F-AA8803526913}.Debug|Any CPU.Build.0 = Debug|Any CPU
		{DAB50853-3677-4F73-BE1F-AA8803526913}.Release|Any CPU.ActiveCfg = Release|Any CPU
		{DAB50853-3677-4F73-BE1F-AA8803526913}.Release|Any CPU.Build.0 = Release|Any CPU
		{FF5E6FCC-4B71-4968-9776-9C6F2EBAAC5B}.Debug|Any CPU.ActiveCfg = Debug|Any CPU
		{FF5E6FCC-4B71-4968-9776-9C6F2EBAAC5B}.Debug|Any CPU.Build.0 = Debug|Any CPU
		{FF5E6FCC-4B71-4968-9776-9C6F2EBAAC5B}.Release|Any CPU.ActiveCfg = Release|Any CPU
		{FF5E6FCC-4B71-4968-9776-9C6F2EBAAC5B}.Release|Any CPU.Build.0 = Release|Any CPU
		{A40F41F0-A124-489C-AA80-CED6BA1ED3BF}.Debug|Any CPU.ActiveCfg = Debug|Any CPU
		{A40F41F0-A124-489C-AA80-CED6BA1ED3BF}.Debug|Any CPU.Build.0 = Debug|Any CPU
		{A40F41F0-A124-489C-AA80-CED6BA1ED3BF}.Release|Any CPU.ActiveCfg = Release|Any CPU
		{A40F41F0-A124-489C-AA80-CED6BA1ED3BF}.Release|Any CPU.Build.0 = Release|Any CPU
	EndGlobalSection
	GlobalSection(NestedProjects) = preSolution
		{FF5E6FCC-4B71-4968-9776-9C6F2EBAAC5B} = {0C9C6924-0A82-4ECE-B46D-056D752962AF}
		{A40F41F0-A124-489C-AA80-CED6BA1ED3BF} = {0C9C6924-0A82-4ECE-B46D-056D752962AF}
	EndGlobalSection
EndGlobal
